
Microsoft Visual Studio Solution File, Format Version 12.00
# Visual Studio 14
VisualStudioVersion = 14.0.25420.1
MinimumVisualStudioVersion = 10.0.40219.1
Project("{FAE04EC0-301F-11D3-BF4B-00C04F79EFBC}") = "startbootstrap.demo.com", "startbootstrap.demo.com\startbootstrap.demo.com\startbootstrap.demo.com.csproj", "{48FD192A-2C03-4D0D-ADFE-44FE428BC845}"
EndProject
Project("{CAA73BB0-EF22-4D79-A57E-DF67B3BA9C80}") = "Demo.TDS.Master", "Demo.TDS.Master\Demo.TDS.Master.scproj", "{1337D5B9-64E3-448F-A0CE-17E452950D99}"
EndProject
Global
	GlobalSection(SolutionConfigurationPlatforms) = preSolution
		Debug|Any CPU = Debug|Any CPU
		Release|Any CPU = Release|Any CPU
	EndGlobalSection
	GlobalSection(ProjectConfigurationPlatforms) = postSolution
		{48FD192A-2C03-4D0D-ADFE-44FE428BC845}.Debug|Any CPU.ActiveCfg = Debug|Any CPU
		{48FD192A-2C03-4D0D-ADFE-44FE428BC845}.Debug|Any CPU.Build.0 = Debug|Any CPU
		{48FD192A-2C03-4D0D-ADFE-44FE428BC845}.Release|Any CPU.ActiveCfg = Release|Any CPU
		{48FD192A-2C03-4D0D-ADFE-44FE428BC845}.Release|Any CPU.Build.0 = Release|Any CPU
		{1337D5B9-64E3-448F-A0CE-17E452950D99}.Debug|Any CPU.ActiveCfg = Debug|Any CPU
		{1337D5B9-64E3-448F-A0CE-17E452950D99}.Debug|Any CPU.Build.0 = Debug|Any CPU
		{1337D5B9-64E3-448F-A0CE-17E452950D99}.Debug|Any CPU.Deploy.0 = Debug|Any CPU
		{1337D5B9-64E3-448F-A0CE-17E452950D99}.Release|Any CPU.ActiveCfg = Release|Any CPU
		{1337D5B9-64E3-448F-A0CE-17E452950D99}.Release|Any CPU.Build.0 = Release|Any CPU
		{1337D5B9-64E3-448F-A0CE-17E452950D99}.Release|Any CPU.Deploy.0 = Release|Any CPU
	EndGlobalSection
	GlobalSection(SolutionProperties) = preSolution
		HideSolutionNode = FALSE
	EndGlobalSection
EndGlobal
